
Microsoft Visual Studio Solution File, Format Version 12.00
# Visual Studio 14
VisualStudioVersion = 14.0.23107.0
MinimumVisualStudioVersion = 10.0.40219.1
Project("{FAE04EC0-301F-11D3-BF4B-00C04F79EFBC}") = "IoC", "IoC\IoC.csproj", "{70F90331-B8DE-4CE9-9866-79ED810E3561}"
EndProject
Project("{FAE04EC0-301F-11D3-BF4B-00C04F79EFBC}") = "IoC.Tests", "IoC.Tests\IoC.Tests.csproj", "{B27FBD9D-3EC7-4D24-A43A-28E74F338EA4}"
EndProject
Project("{FAE04EC0-301F-11D3-BF4B-00C04F79EFBC}") = "Mixins", "Mixins\Mixins.csproj", "{0D05724D-2B92-4F09-A53F-044E450BA106}"
EndProject
Project("{FAE04EC0-301F-11D3-BF4B-00C04F79EFBC}") = "Mixins.Tests", "Mixins.Tests\Mixins.Tests.csproj", "{EB08651E-AF9C-454C-8163-EF7E3EE7C660}"
EndProject
Project("{FAE04EC0-301F-11D3-BF4B-00C04F79EFBC}") = "Events", "Events\Events.csproj", "{1F945ABE-F634-4A2B-9EA5-52C7696CBC94}"
EndProject
Project("{2150E333-8FDC-42A3-9474-1A3956D46DE8}") = "Infrastructure", "Infrastructure", "{2D1F54FB-A685-43ED-B314-F2E613C428F7}"
EndProject
Project("{2150E333-8FDC-42A3-9474-1A3956D46DE8}") = "Tests", "Tests", "{68869BBD-0E8E-426E-8393-189697A26166}"
EndProject
Project("{2150E333-8FDC-42A3-9474-1A3956D46DE8}") = "Demos", "Demos", "{196CBA21-4E51-41C6-BBBF-227AD93FDC1D}"
EndProject
Project("{FAE04EC0-301F-11D3-BF4B-00C04F79EFBC}") = "Demo.Web", "Demo.Web\Demo.Web.csproj", "{C549918D-D3EF-4351-B293-A09E040F680C}"
EndProject
Global
	GlobalSection(SolutionConfigurationPlatforms) = preSolution
		Debug|Any CPU = Debug|Any CPU
		Release|Any CPU = Release|Any CPU
	EndGlobalSection
	GlobalSection(ProjectConfigurationPlatforms) = postSolution
		{70F90331-B8DE-4CE9-9866-79ED810E3561}.Debug|Any CPU.ActiveCfg = Debug|Any CPU
		{70F90331-B8DE-4CE9-9866-79ED810E3561}.Debug|Any CPU.Build.0 = Debug|Any CPU
		{70F90331-B8DE-4CE9-9866-79ED810E3561}.Release|Any CPU.ActiveCfg = Release|Any CPU
		{70F90331-B8DE-4CE9-9866-79ED810E3561}.Release|Any CPU.Build.0 = Release|Any CPU
		{B27FBD9D-3EC7-4D24-A43A-28E74F338EA4}.Debug|Any CPU.ActiveCfg = Debug|Any CPU
		{B27FBD9D-3EC7-4D24-A43A-28E74F338EA4}.Debug|Any CPU.Build.0 = Debug|Any CPU
		{B27FBD9D-3EC7-4D24-A43A-28E74F338EA4}.Release|Any CPU.ActiveCfg = Release|Any CPU
		{B27FBD9D-3EC7-4D24-A43A-28E74F338EA4}.Release|Any CPU.Build.0 = Release|Any CPU
		{0D05724D-2B92-4F09-A53F-044E450BA106}.Debug|Any CPU.ActiveCfg = Debug|Any CPU
		{0D05724D-2B92-4F09-A53F-044E450BA106}.Debug|Any CPU.Build.0 = Debug|Any CPU
		{0D05724D-2B92-4F09-A53F-044E450BA106}.Release|Any CPU.ActiveCfg = Release|Any CPU
		{0D05724D-2B92-4F09-A53F-044E450BA106}.Release|Any CPU.Build.0 = Release|Any CPU
		{EB08651E-AF9C-454C-8163-EF7E3EE7C660}.Debug|Any CPU.ActiveCfg = Debug|Any CPU
		{EB08651E-AF9C-454C-8163-EF7E3EE7C660}.Debug|Any CPU.Build.0 = Debug|Any CPU
		{EB08651E-AF9C-454C-8163-EF7E3EE7C660}.Release|Any CPU.ActiveCfg = Release|Any CPU
		{EB08651E-AF9C-454C-8163-EF7E3EE7C660}.Release|Any CPU.Build.0 = Release|Any CPU
		{1F945ABE-F634-4A2B-9EA5-52C7696CBC94}.Debug|Any CPU.ActiveCfg = Debug|Any CPU
		{1F945ABE-F634-4A2B-9EA5-52C7696CBC94}.Debug|Any CPU.Build.0 = Debug|Any CPU
		{1F945ABE-F634-4A2B-9EA5-52C7696CBC94}.Release|Any CPU.ActiveCfg = Release|Any CPU
		{1F945ABE-F634-4A2B-9EA5-52C7696CBC94}.Release|Any CPU.Build.0 = Release|Any CPU
		{C549918D-D3EF-4351-B293-A09E040F680C}.Debug|Any CPU.ActiveCfg = Debug|Any CPU
		{C549918D-D3EF-4351-B293-A09E040F680C}.Debug|Any CPU.Build.0 = Debug|Any CPU
		{C549918D-D3EF-4351-B293-A09E040F680C}.Release|Any CPU.ActiveCfg = Release|Any CPU
		{C549918D-D3EF-4351-B293-A09E040F680C}.Release|Any CPU.Build.0 = Release|Any CPU
	EndGlobalSection
	GlobalSection(SolutionProperties) = preSolution
		HideSolutionNode = FALSE
	EndGlobalSection
	GlobalSection(NestedProjects) = preSolution
		{70F90331-B8DE-4CE9-9866-79ED810E3561} = {2D1F54FB-A685-43ED-B314-F2E613C428F7}
		{B27FBD9D-3EC7-4D24-A43A-28E74F338EA4} = {68869BBD-0E8E-426E-8393-189697A26166}
		{0D05724D-2B92-4F09-A53F-044E450BA106} = {2D1F54FB-A685-43ED-B314-F2E613C428F7}
		{EB08651E-AF9C-454C-8163-EF7E3EE7C660} = {68869BBD-0E8E-426E-8393-189697A26166}
		{1F945ABE-F634-4A2B-9EA5-52C7696CBC94} = {2D1F54FB-A685-43ED-B314-F2E613C428F7}
		{68869BBD-0E8E-426E-8393-189697A26166} = {2D1F54FB-A685-43ED-B314-F2E613C428F7}
		{C549918D-D3EF-4351-B293-A09E040F680C} = {196CBA21-4E51-41C6-BBBF-227AD93FDC1D}
	EndGlobalSection
EndGlobal
